
Microsoft Visual Studio Solution File, Format Version 12.00
# Visual Studio Version 17
VisualStudioVersion = 17.8.34316.72
MinimumVisualStudioVersion = 10.0.40219.1
Project("{9A19103F-16F7-4668-BE54-9A1E7A4F7556}") = "7lab_1", "7lab\7lab_1.csproj", "{F4F79794-7AA4-4AA5-9029-6A2BAE56122A}"
EndProject
Project("{FAE04EC0-301F-11D3-BF4B-00C04F79EFBC}") = "7lab_2", "7lab_2\7lab_2.csproj", "{F1AAF223-A42A-407F-B1D2-3444DFAEDF06}"
EndProject
Global
	GlobalSection(SolutionConfigurationPlatforms) = preSolution
		Debug|Any CPU = Debug|Any CPU
		Release|Any CPU = Release|Any CPU
	EndGlobalSection
	GlobalSection(ProjectConfigurationPlatforms) = postSolution
		{F4F79794-7AA4-4AA5-9029-6A2BAE56122A}.Debug|Any CPU.ActiveCfg = Debug|Any CPU
		{F4F79794-7AA4-4AA5-9029-6A2BAE56122A}.Debug|Any CPU.Build.0 = Debug|Any CPU
		{F4F79794-7AA4-4AA5-9029-6A2BAE56122A}.Release|Any CPU.ActiveCfg = Release|Any CPU
		{F4F79794-7AA4-4AA5-9029-6A2BAE56122A}.Release|Any CPU.Build.0 = Release|Any CPU
		{F1AAF223-A42A-407F-B1D2-3444DFAEDF06}.Debug|Any CPU.ActiveCfg = Debug|Any CPU
		{F1AAF223-A42A-407F-B1D2-3444DFAEDF06}.Debug|Any CPU.Build.0 = Debug|Any CPU
		{F1AAF223-A42A-407F-B1D2-3444DFAEDF06}.Release|Any CPU.ActiveCfg = Release|Any CPU
		{F1AAF223-A42A-407F-B1D2-3444DFAEDF06}.Release|Any CPU.Build.0 = Release|Any CPU
	EndGlobalSection
	GlobalSection(SolutionProperties) = preSolution
		HideSolutionNode = FALSE
	EndGlobalSection
	GlobalSection(ExtensibilityGlobals) = postSolution
		SolutionGuid = {5A704D61-8566-497E-9742-8983CE57239C}
	EndGlobalSection
EndGlobal
